speakeasyVersion: 1.476.1
sources:
    openapi-with-code-samples:
        sourceNamespace: openapi-with-code-samples
        sourceRevisionDigest: sha256:59d457f29518bd19af3c1ee73daf1b895d20e16ed67437db5f1aa0132b783b3e
        sourceBlobDigest: sha256:2b9e272cb902a6bad4650d143fb77ff9460424f8a0bbf9f73687da4c1fb7af16
        tags:
            - latest
            - speakeasy-sdk-regen-1721694309
            - "1.0"
targets: {}
workflow:
    workflowVersion: 1.0.0
    speakeasyVersion: latest
    sources:
        openapi-with-code-samples:
            inputs:
                - location: registry.speakeasyapi.dev/novu/novu/json-development:main
            overlays:
                - location: registry.speakeasyapi.dev/novu/novu/code-samples-typescript:main
            output: ./openapi.json
            registry:
                location: registry.speakeasyapi.dev/novu/novu/openapi-with-code-samples
    targets: {}
